
Microsoft Visual Studio Solution File, Format Version 12.00
# Visual Studio Version 16
VisualStudioVersion = 16.0.30517.126
MinimumVisualStudioVersion = 10.0.40219.1
Project("{888888A0-9F3D-457C-B088-3A5042F75D52}") = "Lab4", "Lab4\Lab4.pyproj", "{1224768F-D760-4ED5-B50D-9982E489BD0F}"
EndProject
Project("{888888A0-9F3D-457C-B088-3A5042F75D52}") = "Lab5", "Lab5\Lab5.pyproj", "{B120B883-DF9D-4892-B502-8000ECBD5D41}"
EndProject
Global
	GlobalSection(SolutionConfigurationPlatforms) = preSolution
		Debug|Any CPU = Debug|Any CPU
		Release|Any CPU = Release|Any CPU
	EndGlobalSection
	GlobalSection(ProjectConfigurationPlatforms) = postSolution
		{1224768F-D760-4ED5-B50D-9982E489BD0F}.Debug|Any CPU.ActiveCfg = Debug|Any CPU
		{1224768F-D760-4ED5-B50D-9982E489BD0F}.Release|Any CPU.ActiveCfg = Release|Any CPU
		{B120B883-DF9D-4892-B502-8000ECBD5D41}.Debug|Any CPU.ActiveCfg = Debug|Any CPU
		{B120B883-DF9D-4892-B502-8000ECBD5D41}.Release|Any CPU.ActiveCfg = Release|Any CPU
	EndGlobalSection
	GlobalSection(SolutionProperties) = preSolution
		HideSolutionNode = FALSE
	EndGlobalSection
	GlobalSection(ExtensibilityGlobals) = postSolution
		SolutionGuid = {C4669CD5-B73D-4627-A562-E617754F2D9D}
	EndGlobalSection
EndGlobal
